
Microsoft Visual Studio Solution File, Format Version 12.00
# Visual Studio Version 17
VisualStudioVersion = 17.7.34024.191
MinimumVisualStudioVersion = 10.0.40219.1
Project("{FAE04EC0-301F-11D3-BF4B-00C04F79EFBC}") = "lab05-GUI", "lab05-GUI\lab05-GUI.csproj", "{A8F31F8A-094F-4734-964F-8AB26B2DA20F}"
EndProject
Project("{FAE04EC0-301F-11D3-BF4B-00C04F79EFBC}") = "lab05-BUS", "lab05-BUS\lab05-BUS.csproj", "{75F6E239-2574-4A69-AC40-00A0EA4D515D}"
EndProject
Project("{FAE04EC0-301F-11D3-BF4B-00C04F79EFBC}") = "lab05-DAL", "lab05-DAL\lab05-DAL.csproj", "{1407B10D-2349-43B4-AA7D-D947B002EF2A}"
EndProject
Global
	GlobalSection(SolutionConfigurationPlatforms) = preSolution
		Debug|Any CPU = Debug|Any CPU
		Release|Any CPU = Release|Any CPU
	EndGlobalSection
	GlobalSection(ProjectConfigurationPlatforms) = postSolution
		{A8F31F8A-094F-4734-964F-8AB26B2DA20F}.Debug|Any CPU.ActiveCfg = Debug|Any CPU
		{A8F31F8A-094F-4734-964F-8AB26B2DA20F}.Debug|Any CPU.Build.0 = Debug|Any CPU
		{A8F31F8A-094F-4734-964F-8AB26B2DA20F}.Release|Any CPU.ActiveCfg = Release|Any CPU
		{A8F31F8A-094F-4734-964F-8AB26B2DA20F}.Release|Any CPU.Build.0 = Release|Any CPU
		{75F6E239-2574-4A69-AC40-00A0EA4D515D}.Debug|Any CPU.ActiveCfg = Debug|Any CPU
		{75F6E239-2574-4A69-AC40-00A0EA4D515D}.Debug|Any CPU.Build.0 = Debug|Any CPU
		{75F6E239-2574-4A69-AC40-00A0EA4D515D}.Release|Any CPU.ActiveCfg = Release|Any CPU
		{75F6E239-2574-4A69-AC40-00A0EA4D515D}.Release|Any CPU.Build.0 = Release|Any CPU
		{1407B10D-2349-43B4-AA7D-D947B002EF2A}.Debug|Any CPU.ActiveCfg = Debug|Any CPU
		{1407B10D-2349-43B4-AA7D-D947B002EF2A}.Debug|Any CPU.Build.0 = Debug|Any CPU
		{1407B10D-2349-43B4-AA7D-D947B002EF2A}.Release|Any CPU.ActiveCfg = Release|Any CPU
		{1407B10D-2349-43B4-AA7D-D947B002EF2A}.Release|Any CPU.Build.0 = Release|Any CPU
	EndGlobalSection
	GlobalSection(SolutionProperties) = preSolution
		HideSolutionNode = FALSE
	EndGlobalSection
	GlobalSection(ExtensibilityGlobals) = postSolution
		SolutionGuid = {3C976674-F712-4D38-AB7E-6262A6118741}
	EndGlobalSection
EndGlobal
